
Microsoft Visual Studio Solution File, Format Version 12.00
# Visual Studio Version 17
VisualStudioVersion = 17.1.32421.90
MinimumVisualStudioVersion = 10.0.40219.1
Project("{FAE04EC0-301F-11D3-BF4B-00C04F79EFBC}") = "SessionCaching", "SessionCaching\SessionCaching.csproj", "{10DEF5E1-CD1D-42B7-A0E5-166E269801E5}"
EndProject
Project("{FAE04EC0-301F-11D3-BF4B-00C04F79EFBC}") = "ObjectCaching", "ObjectCaching\ObjectCaching.csproj", "{0DF62B0C-B5FF-4539-A50D-46D57936189E}"
EndProject
Project("{FAE04EC0-301F-11D3-BF4B-00C04F79EFBC}") = "ResponseCaching", "ResponseCaching\ResponseCaching.csproj", "{04C57C88-AB7B-4DE1-A806-B46B82281579}"
EndProject
Global
	GlobalSection(SolutionConfigurationPlatforms) = preSolution
		Debug|Any CPU = Debug|Any CPU
		Release|Any CPU = Release|Any CPU
	EndGlobalSection
	GlobalSection(ProjectConfigurationPlatforms) = postSolution
		{10DEF5E1-CD1D-42B7-A0E5-166E269801E5}.Debug|Any CPU.ActiveCfg = Debug|Any CPU
		{10DEF5E1-CD1D-42B7-A0E5-166E269801E5}.Debug|Any CPU.Build.0 = Debug|Any CPU
		{10DEF5E1-CD1D-42B7-A0E5-166E269801E5}.Release|Any CPU.ActiveCfg = Release|Any CPU
		{10DEF5E1-CD1D-42B7-A0E5-166E269801E5}.Release|Any CPU.Build.0 = Release|Any CPU
		{0DF62B0C-B5FF-4539-A50D-46D57936189E}.Debug|Any CPU.ActiveCfg = Debug|Any CPU
		{0DF62B0C-B5FF-4539-A50D-46D57936189E}.Debug|Any CPU.Build.0 = Debug|Any CPU
		{0DF62B0C-B5FF-4539-A50D-46D57936189E}.Release|Any CPU.ActiveCfg = Release|Any CPU
		{0DF62B0C-B5FF-4539-A50D-46D57936189E}.Release|Any CPU.Build.0 = Release|Any CPU
		{04C57C88-AB7B-4DE1-A806-B46B82281579}.Debug|Any CPU.ActiveCfg = Debug|Any CPU
		{04C57C88-AB7B-4DE1-A806-B46B82281579}.Debug|Any CPU.Build.0 = Debug|Any CPU
		{04C57C88-AB7B-4DE1-A806-B46B82281579}.Release|Any CPU.ActiveCfg = Release|Any CPU
		{04C57C88-AB7B-4DE1-A806-B46B82281579}.Release|Any CPU.Build.0 = Release|Any CPU
	EndGlobalSection
	GlobalSection(SolutionProperties) = preSolution
		HideSolutionNode = FALSE
	EndGlobalSection
	GlobalSection(ExtensibilityGlobals) = postSolution
		SolutionGuid = {01EB3708-7609-415C-90C0-BCC04A54CA39}
	EndGlobalSection
EndGlobal
